
Microsoft Visual Studio Solution File, Format Version 12.00
# Visual Studio Version 16
VisualStudioVersion = 16.0.31515.178
MinimumVisualStudioVersion = 10.0.40219.1
Project("{9A19103F-16F7-4668-BE54-9A1E7A4F7556}") = "Poke.App", "Poke.App\Poke.App.csproj", "{3A8A3491-3B8F-4EB2-BB95-B4F28CAE3FB8}"
EndProject
Project("{FAE04EC0-301F-11D3-BF4B-00C04F79EFBC}") = "Poke.Mongo.Api", "Poke.Mongo.Api\Poke.Mongo.Api.csproj", "{CD6EEC0D-4E79-4AD4-87AE-026CF64E5C34}"
EndProject
Project("{FAE04EC0-301F-11D3-BF4B-00C04F79EFBC}") = "Poke.Api", "Poke.Api\Poke.Api.csproj", "{14817AA8-20F3-489D-8D0C-30EDFCAB3DB0}"
EndProject
Project("{FAE04EC0-301F-11D3-BF4B-00C04F79EFBC}") = "Poke.Data", "Poke.Data\Poke.Data.csproj", "{215B45A5-13C2-4981-BF8D-ED2C44F047C4}"
EndProject
Project("{FAE04EC0-301F-11D3-BF4B-00C04F79EFBC}") = "Poke.Model", "Poke.Model\Poke.Model.csproj", "{58A06673-3381-4E72-BDF2-09AD6AEDBF08}"
EndProject
Project("{FAE04EC0-301F-11D3-BF4B-00C04F79EFBC}") = "Poke.Services", "Poke.Services\Poke.Services.csproj", "{73534A96-E76D-4F26-95D8-507D73326B49}"
EndProject
Project("{00D1A9C2-B5F0-4AF3-8072-F6C62B433612}") = "Poke.SQL", "Poke.SQL\Poke.SQL.sqlproj", "{F55B0588-A63D-47E3-823F-ABC553C782EF}"
EndProject
Global
	GlobalSection(SolutionConfigurationPlatforms) = preSolution
		Debug|Any CPU = Debug|Any CPU
		Release|Any CPU = Release|Any CPU
	EndGlobalSection
	GlobalSection(ProjectConfigurationPlatforms) = postSolution
		{3A8A3491-3B8F-4EB2-BB95-B4F28CAE3FB8}.Debug|Any CPU.ActiveCfg = Debug|Any CPU
		{3A8A3491-3B8F-4EB2-BB95-B4F28CAE3FB8}.Debug|Any CPU.Build.0 = Debug|Any CPU
		{3A8A3491-3B8F-4EB2-BB95-B4F28CAE3FB8}.Release|Any CPU.ActiveCfg = Release|Any CPU
		{3A8A3491-3B8F-4EB2-BB95-B4F28CAE3FB8}.Release|Any CPU.Build.0 = Release|Any CPU
		{CD6EEC0D-4E79-4AD4-87AE-026CF64E5C34}.Debug|Any CPU.ActiveCfg = Debug|Any CPU
		{CD6EEC0D-4E79-4AD4-87AE-026CF64E5C34}.Debug|Any CPU.Build.0 = Debug|Any CPU
		{CD6EEC0D-4E79-4AD4-87AE-026CF64E5C34}.Release|Any CPU.ActiveCfg = Release|Any CPU
		{CD6EEC0D-4E79-4AD4-87AE-026CF64E5C34}.Release|Any CPU.Build.0 = Release|Any CPU
		{14817AA8-20F3-489D-8D0C-30EDFCAB3DB0}.Debug|Any CPU.ActiveCfg = Debug|Any CPU
		{14817AA8-20F3-489D-8D0C-30EDFCAB3DB0}.Debug|Any CPU.Build.0 = Debug|Any CPU
		{14817AA8-20F3-489D-8D0C-30EDFCAB3DB0}.Release|Any CPU.ActiveCfg = Release|Any CPU
		{14817AA8-20F3-489D-8D0C-30EDFCAB3DB0}.Release|Any CPU.Build.0 = Release|Any CPU
		{215B45A5-13C2-4981-BF8D-ED2C44F047C4}.Debug|Any CPU.ActiveCfg = Debug|Any CPU
		{215B45A5-13C2-4981-BF8D-ED2C44F047C4}.Debug|Any CPU.Build.0 = Debug|Any CPU
		{215B45A5-13C2-4981-BF8D-ED2C44F047C4}.Release|Any CPU.ActiveCfg = Release|Any CPU
		{215B45A5-13C2-4981-BF8D-ED2C44F047C4}.Release|Any CPU.Build.0 = Release|Any CPU
		{58A06673-3381-4E72-BDF2-09AD6AEDBF08}.Debug|Any CPU.ActiveCfg = Debug|Any CPU
		{58A06673-3381-4E72-BDF2-09AD6AEDBF08}.Debug|Any CPU.Build.0 = Debug|Any CPU
		{58A06673-3381-4E72-BDF2-09AD6AEDBF08}.Release|Any CPU.ActiveCfg = Release|Any CPU
		{58A06673-3381-4E72-BDF2-09AD6AEDBF08}.Release|Any CPU.Build.0 = Release|Any CPU
		{73534A96-E76D-4F26-95D8-507D73326B49}.Debug|Any CPU.ActiveCfg = Debug|Any CPU
		{73534A96-E76D-4F26-95D8-507D73326B49}.Debug|Any CPU.Build.0 = Debug|Any CPU
		{73534A96-E76D-4F26-95D8-507D73326B49}.Release|Any CPU.ActiveCfg = Release|Any CPU
		{73534A96-E76D-4F26-95D8-507D73326B49}.Release|Any CPU.Build.0 = Release|Any CPU
		{F55B0588-A63D-47E3-823F-ABC553C782EF}.Debug|Any CPU.ActiveCfg = Debug|Any CPU
		{F55B0588-A63D-47E3-823F-ABC553C782EF}.Debug|Any CPU.Build.0 = Debug|Any CPU
		{F55B0588-A63D-47E3-823F-ABC553C782EF}.Debug|Any CPU.Deploy.0 = Debug|Any CPU
		{F55B0588-A63D-47E3-823F-ABC553C782EF}.Release|Any CPU.ActiveCfg = Release|Any CPU
		{F55B0588-A63D-47E3-823F-ABC553C782EF}.Release|Any CPU.Build.0 = Release|Any CPU
		{F55B0588-A63D-47E3-823F-ABC553C782EF}.Release|Any CPU.Deploy.0 = Release|Any CPU
	EndGlobalSection
	GlobalSection(SolutionProperties) = preSolution
		HideSolutionNode = FALSE
	EndGlobalSection
	GlobalSection(ExtensibilityGlobals) = postSolution
		SolutionGuid = {1C0914AA-DF83-4F91-9183-B95AEA01A340}
	EndGlobalSection
EndGlobal
